
Microsoft Visual Studio Solution File, Format Version 12.00
# Visual Studio Version 17
VisualStudioVersion = 17.0.31903.59
MinimumVisualStudioVersion = 10.0.40219.1
Project("{FAE04EC0-301F-11D3-BF4B-00C04F79EFBC}") = "EMS.API", "EMS.API\EMS.API.csproj", "{118B25C4-EBD3-4D78-8D5F-54644BEFA0A4}"
EndProject
Project("{FAE04EC0-301F-11D3-BF4B-00C04F79EFBC}") = "EMS.Tests", "EMS.Tests\EMS.Tests.csproj", "{585EDEBC-C4A0-4D43-B633-6FCA1D778F03}"
EndProject
Global
	GlobalSection(SolutionConfigurationPlatforms) = preSolution
		Debug|Any CPU = Debug|Any CPU
		Debug|x64 = Debug|x64
		Debug|x86 = Debug|x86
		Release|Any CPU = Release|Any CPU
		Release|x64 = Release|x64
		Release|x86 = Release|x86
	EndGlobalSection
	GlobalSection(ProjectConfigurationPlatforms) = postSolution
		{118B25C4-EBD3-4D78-8D5F-54644BEFA0A4}.Debug|Any CPU.ActiveCfg = Debug|Any CPU
		{118B25C4-EBD3-4D78-8D5F-54644BEFA0A4}.Debug|Any CPU.Build.0 = Debug|Any CPU
		{118B25C4-EBD3-4D78-8D5F-54644BEFA0A4}.Debug|x64.ActiveCfg = Debug|Any CPU
		{118B25C4-EBD3-4D78-8D5F-54644BEFA0A4}.Debug|x64.Build.0 = Debug|Any CPU
		{118B25C4-EBD3-4D78-8D5F-54644BEFA0A4}.Debug|x86.ActiveCfg = Debug|Any CPU
		{118B25C4-EBD3-4D78-8D5F-54644BEFA0A4}.Debug|x86.Build.0 = Debug|Any CPU
		{118B25C4-EBD3-4D78-8D5F-54644BEFA0A4}.Release|Any CPU.ActiveCfg = Release|Any CPU
		{118B25C4-EBD3-4D78-8D5F-54644BEFA0A4}.Release|Any CPU.Build.0 = Release|Any CPU
		{118B25C4-EBD3-4D78-8D5F-54644BEFA0A4}.Release|x64.ActiveCfg = Release|Any CPU
		{118B25C4-EBD3-4D78-8D5F-54644BEFA0A4}.Release|x64.Build.0 = Release|Any CPU
		{118B25C4-EBD3-4D78-8D5F-54644BEFA0A4}.Release|x86.ActiveCfg = Release|Any CPU
		{118B25C4-EBD3-4D78-8D5F-54644BEFA0A4}.Release|x86.Build.0 = Release|Any CPU
		{585EDEBC-C4A0-4D43-B633-6FCA1D778F03}.Debug|Any CPU.ActiveCfg = Debug|Any CPU
		{585EDEBC-C4A0-4D43-B633-6FCA1D778F03}.Debug|Any CPU.Build.0 = Debug|Any CPU
		{585EDEBC-C4A0-4D43-B633-6FCA1D778F03}.Debug|x64.ActiveCfg = Debug|Any CPU
		{585EDEBC-C4A0-4D43-B633-6FCA1D778F03}.Debug|x64.Build.0 = Debug|Any CPU
		{585EDEBC-C4A0-4D43-B633-6FCA1D778F03}.Debug|x86.ActiveCfg = Debug|Any CPU
		{585EDEBC-C4A0-4D43-B633-6FCA1D778F03}.Debug|x86.Build.0 = Debug|Any CPU
		{585EDEBC-C4A0-4D43-B633-6FCA1D778F03}.Release|Any CPU.ActiveCfg = Release|Any CPU
		{585EDEBC-C4A0-4D43-B633-6FCA1D778F03}.Release|Any CPU.Build.0 = Release|Any CPU
		{585EDEBC-C4A0-4D43-B633-6FCA1D778F03}.Release|x64.ActiveCfg = Release|Any CPU
		{585EDEBC-C4A0-4D43-B633-6FCA1D778F03}.Release|x64.Build.0 = Release|Any CPU
		{585EDEBC-C4A0-4D43-B633-6FCA1D778F03}.Release|x86.ActiveCfg = Release|Any CPU
		{585EDEBC-C4A0-4D43-B633-6FCA1D778F03}.Release|x86.Build.0 = Release|Any CPU
	EndGlobalSection
	GlobalSection(SolutionProperties) = preSolution
		HideSolutionNode = FALSE
	EndGlobalSection
EndGlobal
